# component|base revision|relative patch path|sha256
aquamarine|a79fb21b2e2a82dd061a6d071802bcf38bd5c383|patches/aquamarine/0001-wayland-carry-proven-Android-KGSL-buffer-pipeline.patch|86ff2be2254760fde311d3adf0e0a416028922fe51b9004dd00e5ea93042196e
hyprland|5c9377c15f85c50648f35ca5a213754f95b93ca0|patches/hyprland/0001-render-carry-proven-Android-KGSL-presentation-path.patch|7e295ff2fe4bbdb8c6d8823323d4383ef27e29c23b12209b499b7c86677cc582
omarchy|158e8cfb3a03f7b390e4213eaf15edcea0dfaa98|patches/omarchy-shell/0001-shell-carry-proven-PRoot-launcher-optimizations.patch|91d5b4088f6c0101736e38aaa52946b6f11555e38d1d02c56900386d10dffaf9
omarchy|158e8cfb3a03f7b390e4213eaf15edcea0dfaa98|patches/omarchy-shell/0002-runtime-carry-proven-Android-PRoot-compatibility-fixes.patch|0f2afe8b38adbdbb54742238554c5a630f4814e5bdc501d65423fdcf571f6a4e
omarchy|158e8cfb3a03f7b390e4213eaf15edcea0dfaa98|patches/omarchy-shell/0003-display-report-successful-text-size-changes.patch|e167ba498d095df0a83038c49b1b32eb824174a0376d937416d7b0dc90f30ff9
weston|015b3b4d4c05da44a22349ea6e651d1a8f678c59|patches/weston/0001-backend-x11-carry-proven-Android-nested-fixes.patch|1609d967b16519222b01075da43c9f36be16e8d35048da53f1ff6a3a4197d213
